
Microsoft Visual Studio Solution File, Format Version 12.00
# Visual Studio Version 17
VisualStudioVersion = 17.9.34607.119
MinimumVisualStudioVersion = 10.0.40219.1
Project("{FAE04EC0-301F-11D3-BF4B-00C04F79EFBC}") = "Mission10API", "Mission10API.csproj", "{0E3DAC45-B148-4E79-AB71-B45A06613AB0}"
EndProject
Global
	GlobalSection(SolutionConfigurationPlatforms) = preSolution
		Debug|Any CPU = Debug|Any CPU
		Release|Any CPU = Release|Any CPU
	EndGlobalSection
	GlobalSection(ProjectConfigurationPlatforms) = postSolution
		{0E3DAC45-B148-4E79-AB71-B45A06613AB0}.Debug|Any CPU.ActiveCfg = Debug|Any CPU
		{0E3DAC45-B148-4E79-AB71-B45A06613AB0}.Debug|Any CPU.Build.0 = Debug|Any CPU
		{0E3DAC45-B148-4E79-AB71-B45A06613AB0}.Release|Any CPU.ActiveCfg = Release|Any CPU
		{0E3DAC45-B148-4E79-AB71-B45A06613AB0}.Release|Any CPU.Build.0 = Release|Any CPU
	EndGlobalSection
	GlobalSection(SolutionProperties) = preSolution
		HideSolutionNode = FALSE
	EndGlobalSection
	GlobalSection(ExtensibilityGlobals) = postSolution
		SolutionGuid = {E0B1E85F-837E-474E-90C8-07030BCE5A48}
	EndGlobalSection
EndGlobal
